
Microsoft Visual Studio Solution File, Format Version 12.00
# Visual Studio 14
VisualStudioVersion = 14.0.25420.1
MinimumVisualStudioVersion = 10.0.40219.1
Project("{FAE04EC0-301F-11D3-BF4B-00C04F79EFBC}") = "DomMezonin", "DomMezonin\DomMezonin.csproj", "{5A551C30-2312-4A1B-8053-83B4C167FB36}"
EndProject
Project("{FAE04EC0-301F-11D3-BF4B-00C04F79EFBC}") = "DomMezonin.DomainModel", "DomMezonin.DomainModel\DomMezonin.DomainModel.csproj", "{7A5C9EDF-4DAD-4C14-870D-CB3FE6A07044}"
EndProject
Global
	GlobalSection(SolutionConfigurationPlatforms) = preSolution
		Debug|Any CPU = Debug|Any CPU
		Release|Any CPU = Release|Any CPU
	EndGlobalSection
	GlobalSection(ProjectConfigurationPlatforms) = postSolution
		{5A551C30-2312-4A1B-8053-83B4C167FB36}.Debug|Any CPU.ActiveCfg = Debug|Any CPU
		{5A551C30-2312-4A1B-8053-83B4C167FB36}.Debug|Any CPU.Build.0 = Debug|Any CPU
		{5A551C30-2312-4A1B-8053-83B4C167FB36}.Release|Any CPU.ActiveCfg = Release|Any CPU
		{5A551C30-2312-4A1B-8053-83B4C167FB36}.Release|Any CPU.Build.0 = Release|Any CPU
		{7A5C9EDF-4DAD-4C14-870D-CB3FE6A07044}.Debug|Any CPU.ActiveCfg = Debug|Any CPU
		{7A5C9EDF-4DAD-4C14-870D-CB3FE6A07044}.Debug|Any CPU.Build.0 = Debug|Any CPU
		{7A5C9EDF-4DAD-4C14-870D-CB3FE6A07044}.Release|Any CPU.ActiveCfg = Release|Any CPU
		{7A5C9EDF-4DAD-4C14-870D-CB3FE6A07044}.Release|Any CPU.Build.0 = Release|Any CPU
	EndGlobalSection
	GlobalSection(SolutionProperties) = preSolution
		HideSolutionNode = FALSE
	EndGlobalSection
EndGlobal
